
Microsoft Visual Studio Solution File, Format Version 12.00
# Visual Studio Version 17
VisualStudioVersion = 17.5.2.0
MinimumVisualStudioVersion = 10.0.40219.1
Project("{FAE04EC0-301F-11D3-BF4B-00C04F79EFBC}") = "HelloWorldApp", "HelloWorldApp\HelloWorldApp.csproj", "{C93E589B-AE41-E574-3DA8-CEEF9916830C}"
EndProject
Project("{2150E333-8FDC-42A3-9474-1A3956D46DE8}") = "day26_12", "day26_12", "{2AC901C3-25C2-B0A3-D43F-31239F1E8495}"
EndProject
Project("{FAE04EC0-301F-11D3-BF4B-00C04F79EFBC}") = "Interface", "day26_12\Interface\Interface.csproj", "{4EF03B21-32E3-4489-B796-5B80C6C0D69E}"
EndProject
Project("{2150E333-8FDC-42A3-9474-1A3956D46DE8}") = "day24_12", "day24_12", "{0BE5ABD8-0A28-A533-2219-8124B561A0FF}"
EndProject
Project("{FAE04EC0-301F-11D3-BF4B-00C04F79EFBC}") = "Inheritance", "day24_12\Inheritance\Inheritance.csproj", "{98283BCA-1CC1-4899-9C61-2984E26DB751}"
EndProject
Project("{FAE04EC0-301F-11D3-BF4B-00C04F79EFBC}") = "practice", "day26_12\practice\practice.csproj", "{BEE9760F-BF2B-41D1-8D32-AD75140ED174}"
EndProject
Project("{2150E333-8FDC-42A3-9474-1A3956D46DE8}") = "day29_12", "day29_12", "{77625725-25DA-50B9-5099-D2A1AFE53199}"
EndProject
Project("{FAE04EC0-301F-11D3-BF4B-00C04F79EFBC}") = "Arrays", "day29_12\Arrays\Arrays.csproj", "{4632C97F-2D99-4AF0-A18B-AF01B72986E2}"
EndProject
Project("{FAE04EC0-301F-11D3-BF4B-00C04F79EFBC}") = "practice", "day29_12\practice\practice.csproj", "{7A7A5E54-A18E-4434-B608-C93D54BBC2B3}"
EndProject
Project("{2150E333-8FDC-42A3-9474-1A3956D46DE8}") = "day30_12", "day30_12", "{D0FB2FF0-36FB-C17D-0CF0-E0AAFD9E23BC}"
EndProject
Project("{FAE04EC0-301F-11D3-BF4B-00C04F79EFBC}") = "StringDemo", "day30_12\StringDemo\StringDemo.csproj", "{EDE0E6A2-1044-4E5F-A6A7-E332E31146BC}"
EndProject
Project("{FAE04EC0-301F-11D3-BF4B-00C04F79EFBC}") = "Project", "Project\Project.csproj", "{7EEF3ED6-8A27-440F-A1B4-46DAAA5CA9EC}"
EndProject
Project("{2150E333-8FDC-42A3-9474-1A3956D46DE8}") = "day02_01", "day02_01", "{BC467C26-6E0C-7ED3-8BDB-F926132A8B7D}"
EndProject
Project("{FAE04EC0-301F-11D3-BF4B-00C04F79EFBC}") = "StringBuilderDemo", "day02_01\StringBuilderDemo\StringBuilderDemo.csproj", "{FB256571-6167-4E3C-B901-C0888053AF52}"
EndProject
Project("{FAE04EC0-301F-11D3-BF4B-00C04F79EFBC}") = "ArrayList", "day02_01\ArrayList\ArrayList.csproj", "{2671F335-8008-41E2-B3D5-738C013A53AD}"
EndProject
Project("{2150E333-8FDC-42A3-9474-1A3956D46DE8}") = "day03_01", "day03_01", "{9E4CE818-6D0C-122E-643F-23E96A47E28A}"
EndProject
Project("{FAE04EC0-301F-11D3-BF4B-00C04F79EFBC}") = "CollectionDemo", "day03_01\CollectionDemo\CollectionDemo.csproj", "{6A178E97-D95E-4819-81B4-128CF698DB6D}"
EndProject
Project("{2150E333-8FDC-42A3-9474-1A3956D46DE8}") = "day06_01", "day06_01", "{19865509-9652-9E42-5E8A-9A3CB45FEBBC}"
EndProject
Project("{FAE04EC0-301F-11D3-BF4B-00C04F79EFBC}") = "IndexerDemo", "day06_01\IndexerDemo\IndexerDemo.csproj", "{526E2E35-060D-486E-BD03-14F33C1828FC}"
EndProject
Project("{FAE04EC0-301F-11D3-BF4B-00C04F79EFBC}") = "practice", "day06_01\practice\practice.csproj", "{A1562EFF-0E7C-4BDB-A85A-F483B38E8FA0}"
EndProject
Project("{2150E333-8FDC-42A3-9474-1A3956D46DE8}") = "day07_01", "day07_01", "{45F31E62-FB5C-3E4E-516F-4D21ACAD668B}"
EndProject
Project("{FAE04EC0-301F-11D3-BF4B-00C04F79EFBC}") = "EventDelegate", "day07_01\EventDelegate\EventDelegate.csproj", "{A42B67E6-F991-48F8-A6E9-2C6A7BED7836}"
EndProject
Project("{FAE04EC0-301F-11D3-BF4B-00C04F79EFBC}") = "Week2_Assessment", "Week2_Assessment\Week2_Assessment.csproj", "{D8FC8807-3E4C-4BDD-BFF5-3F11C48B4A47}"
EndProject
Project("{2150E333-8FDC-42A3-9474-1A3956D46DE8}") = "day08_01", "day08_01", "{6549B1AA-FDB2-C047-B440-21211064D8D5}"
EndProject
Project("{FAE04EC0-301F-11D3-BF4B-00C04F79EFBC}") = "FileDemo", "day08_01\FileDemo\FileDemo.csproj", "{DE343265-3D82-4E69-95F4-D9DACA03A84D}"
EndProject
Project("{2150E333-8FDC-42A3-9474-1A3956D46DE8}") = "day09_01", "day09_01", "{7A1722C4-E2A8-2D28-E889-7C715105E155}"
EndProject
Project("{FAE04EC0-301F-11D3-BF4B-00C04F79EFBC}") = "BinaryFileDemo", "day09_01\BinaryFileDemo\BinaryFileDemo.csproj", "{F4AD2304-B55D-4AE4-897B-6FDDCBC045C3}"
EndProject
Project("{FAE04EC0-301F-11D3-BF4B-00C04F79EFBC}") = "Practice", "day09_01\Practice\Practice.csproj", "{2E96BE87-1F5D-407A-B1C4-4C4A92D09D9A}"
EndProject
Project("{2150E333-8FDC-42A3-9474-1A3956D46DE8}") = "day10_01", "day10_01", "{083E635B-BBB0-5AF1-F7CC-AE1FCEA236CA}"
EndProject
Project("{FAE04EC0-301F-11D3-BF4B-00C04F79EFBC}") = "CollectionsDemo", "day10_01\CollectionsDemo\CollectionsDemo.csproj", "{AF70AD74-5F23-4AE0-9EF7-930BB12922DF}"
EndProject
Project("{2150E333-8FDC-42A3-9474-1A3956D46DE8}") = "day13_01", "day13_01", "{FF133736-2A99-3B08-91DA-47EBEB59E723}"
EndProject
Project("{FAE04EC0-301F-11D3-BF4B-00C04F79EFBC}") = "LinqDemo", "day13_01\LinqDemo\LinqDemo.csproj", "{1B231E01-D5C4-4342-B10C-0480D4E8BCF5}"
EndProject
Project("{2150E333-8FDC-42A3-9474-1A3956D46DE8}") = "day15_01", "day15_01", "{53001E5E-A5A2-AC91-5F8B-7F37EF740D65}"
EndProject
Project("{FAE04EC0-301F-11D3-BF4B-00C04F79EFBC}") = "AttributeReflectionDemo", "day15_01\AttributeReflectionDemo\AttributeReflectionDemo.csproj", "{F6E02FC8-063D-4A0C-BBB6-EB6109022EDE}"
EndProject
Project("{2150E333-8FDC-42A3-9474-1A3956D46DE8}") = "day14_01", "day14_01", "{8C519C1A-9FC2-7DE6-706F-36A00822F519}"
EndProject
Project("{FAE04EC0-301F-11D3-BF4B-00C04F79EFBC}") = "PracticeAssessment", "day14_01\PracticeAssessment\PracticeAssessment.csproj", "{778F9E67-1E22-4049-9ACF-2B9D7FD8D473}"
EndProject
Global
	GlobalSection(SolutionConfigurationPlatforms) = preSolution
		Debug|Any CPU = Debug|Any CPU
		Debug|x64 = Debug|x64
		Debug|x86 = Debug|x86
		Release|Any CPU = Release|Any CPU
		Release|x64 = Release|x64
		Release|x86 = Release|x86
	EndGlobalSection
	GlobalSection(ProjectConfigurationPlatforms) = postSolution
		{C93E589B-AE41-E574-3DA8-CEEF9916830C}.Debug|Any CPU.ActiveCfg = Debug|Any CPU
		{C93E589B-AE41-E574-3DA8-CEEF9916830C}.Debug|Any CPU.Build.0 = Debug|Any CPU
		{C93E589B-AE41-E574-3DA8-CEEF9916830C}.Debug|x64.ActiveCfg = Debug|Any CPU
		{C93E589B-AE41-E574-3DA8-CEEF9916830C}.Debug|x64.Build.0 = Debug|Any CPU
		{C93E589B-AE41-E574-3DA8-CEEF9916830C}.Debug|x86.ActiveCfg = Debug|Any CPU
		{C93E589B-AE41-E574-3DA8-CEEF9916830C}.Debug|x86.Build.0 = Debug|Any CPU
		{C93E589B-AE41-E574-3DA8-CEEF9916830C}.Release|Any CPU.ActiveCfg = Release|Any CPU
		{C93E589B-AE41-E574-3DA8-CEEF9916830C}.Release|Any CPU.Build.0 = Release|Any CPU
		{C93E589B-AE41-E574-3DA8-CEEF9916830C}.Release|x64.ActiveCfg = Release|Any CPU
		{C93E589B-AE41-E574-3DA8-CEEF9916830C}.Release|x64.Build.0 = Release|Any CPU
		{C93E589B-AE41-E574-3DA8-CEEF9916830C}.Release|x86.ActiveCfg = Release|Any CPU
		{C93E589B-AE41-E574-3DA8-CEEF9916830C}.Release|x86.Build.0 = Release|Any CPU
		{4EF03B21-32E3-4489-B796-5B80C6C0D69E}.Debug|Any CPU.ActiveCfg = Debug|Any CPU
		{4EF03B21-32E3-4489-B796-5B80C6C0D69E}.Debug|Any CPU.Build.0 = Debug|Any CPU
		{4EF03B21-32E3-4489-B796-5B80C6C0D69E}.Debug|x64.ActiveCfg = Debug|Any CPU
		{4EF03B21-32E3-4489-B796-5B80C6C0D69E}.Debug|x64.Build.0 = Debug|Any CPU
		{4EF03B21-32E3-4489-B796-5B80C6C0D69E}.Debug|x86.ActiveCfg = Debug|Any CPU
		{4EF03B21-32E3-4489-B796-5B80C6C0D69E}.Debug|x86.Build.0 = Debug|Any CPU
		{4EF03B21-32E3-4489-B796-5B80C6C0D69E}.Release|Any CPU.ActiveCfg = Release|Any CPU
		{4EF03B21-32E3-4489-B796-5B80C6C0D69E}.Release|Any CPU.Build.0 = Release|Any CPU
		{4EF03B21-32E3-4489-B796-5B80C6C0D69E}.Release|x64.ActiveCfg = Release|Any CPU
		{4EF03B21-32E3-4489-B796-5B80C6C0D69E}.Release|x64.Build.0 = Release|Any CPU
		{4EF03B21-32E3-4489-B796-5B80C6C0D69E}.Release|x86.ActiveCfg = Release|Any CPU
		{4EF03B21-32E3-4489-B796-5B80C6C0D69E}.Release|x86.Build.0 = Release|Any CPU
		{98283BCA-1CC1-4899-9C61-2984E26DB751}.Debug|Any CPU.ActiveCfg = Debug|Any CPU
		{98283BCA-1CC1-4899-9C61-2984E26DB751}.Debug|Any CPU.Build.0 = Debug|Any CPU
		{98283BCA-1CC1-4899-9C61-2984E26DB751}.Debug|x64.ActiveCfg = Debug|Any CPU
		{98283BCA-1CC1-4899-9C61-2984E26DB751}.Debug|x64.Build.0 = Debug|Any CPU
		{98283BCA-1CC1-4899-9C61-2984E26DB751}.Debug|x86.ActiveCfg = Debug|Any CPU
		{98283BCA-1CC1-4899-9C61-2984E26DB751}.Debug|x86.Build.0 = Debug|Any CPU
		{98283BCA-1CC1-4899-9C61-2984E26DB751}.Release|Any CPU.ActiveCfg = Release|Any CPU
		{98283BCA-1CC1-4899-9C61-2984E26DB751}.Release|Any CPU.Build.0 = Release|Any CPU
		{98283BCA-1CC1-4899-9C61-2984E26DB751}.Release|x64.ActiveCfg = Release|Any CPU
		{98283BCA-1CC1-4899-9C61-2984E26DB751}.Release|x64.Build.0 = Release|Any CPU
		{98283BCA-1CC1-4899-9C61-2984E26DB751}.Release|x86.ActiveCfg = Release|Any CPU
		{98283BCA-1CC1-4899-9C61-2984E26DB751}.Release|x86.Build.0 = Release|Any CPU
		{BEE9760F-BF2B-41D1-8D32-AD75140ED174}.Debug|Any CPU.ActiveCfg = Debug|Any CPU
		{BEE9760F-BF2B-41D1-8D32-AD75140ED174}.Debug|Any CPU.Build.0 = Debug|Any CPU
		{BEE9760F-BF2B-41D1-8D32-AD75140ED174}.Debug|x64.ActiveCfg = Debug|Any CPU
		{BEE9760F-BF2B-41D1-8D32-AD75140ED174}.Debug|x64.Build.0 = Debug|Any CPU
		{BEE9760F-BF2B-41D1-8D32-AD75140ED174}.Debug|x86.ActiveCfg = Debug|Any CPU
		{BEE9760F-BF2B-41D1-8D32-AD75140ED174}.Debug|x86.Build.0 = Debug|Any CPU
		{BEE9760F-BF2B-41D1-8D32-AD75140ED174}.Release|Any CPU.ActiveCfg = Release|Any CPU
		{BEE9760F-BF2B-41D1-8D32-AD75140ED174}.Release|Any CPU.Build.0 = Release|Any CPU
		{BEE9760F-BF2B-41D1-8D32-AD75140ED174}.Release|x64.ActiveCfg = Release|Any CPU
		{BEE9760F-BF2B-41D1-8D32-AD75140ED174}.Release|x64.Build.0 = Release|Any CPU
		{BEE9760F-BF2B-41D1-8D32-AD75140ED174}.Release|x86.ActiveCfg = Release|Any CPU
		{BEE9760F-BF2B-41D1-8D32-AD75140ED174}.Release|x86.Build.0 = Release|Any CPU
		{4632C97F-2D99-4AF0-A18B-AF01B72986E2}.Debug|Any CPU.ActiveCfg = Debug|Any CPU
		{4632C97F-2D99-4AF0-A18B-AF01B72986E2}.Debug|Any CPU.Build.0 = Debug|Any CPU
		{4632C97F-2D99-4AF0-A18B-AF01B72986E2}.Debug|x64.ActiveCfg = Debug|Any CPU
		{4632C97F-2D99-4AF0-A18B-AF01B72986E2}.Debug|x64.Build.0 = Debug|Any CPU
		{4632C97F-2D99-4AF0-A18B-AF01B72986E2}.Debug|x86.ActiveCfg = Debug|Any CPU
		{4632C97F-2D99-4AF0-A18B-AF01B72986E2}.Debug|x86.Build.0 = Debug|Any CPU
		{4632C97F-2D99-4AF0-A18B-AF01B72986E2}.Release|Any CPU.ActiveCfg = Release|Any CPU
		{4632C97F-2D99-4AF0-A18B-AF01B72986E2}.Release|Any CPU.Build.0 = Release|Any CPU
		{4632C97F-2D99-4AF0-A18B-AF01B72986E2}.Release|x64.ActiveCfg = Release|Any CPU
		{4632C97F-2D99-4AF0-A18B-AF01B72986E2}.Release|x64.Build.0 = Release|Any CPU
		{4632C97F-2D99-4AF0-A18B-AF01B72986E2}.Release|x86.ActiveCfg = Release|Any CPU
		{4632C97F-2D99-4AF0-A18B-AF01B72986E2}.Release|x86.Build.0 = Release|Any CPU
		{7A7A5E54-A18E-4434-B608-C93D54BBC2B3}.Debug|Any CPU.ActiveCfg = Debug|Any CPU
		{7A7A5E54-A18E-4434-B608-C93D54BBC2B3}.Debug|Any CPU.Build.0 = Debug|Any CPU
		{7A7A5E54-A18E-4434-B608-C93D54BBC2B3}.Debug|x64.ActiveCfg = Debug|Any CPU
		{7A7A5E54-A18E-4434-B608-C93D54BBC2B3}.Debug|x64.Build.0 = Debug|Any CPU
		{7A7A5E54-A18E-4434-B608-C93D54BBC2B3}.Debug|x86.ActiveCfg = Debug|Any CPU
		{7A7A5E54-A18E-4434-B608-C93D54BBC2B3}.Debug|x86.Build.0 = Debug|Any CPU
		{7A7A5E54-A18E-4434-B608-C93D54BBC2B3}.Release|Any CPU.ActiveCfg = Release|Any CPU
		{7A7A5E54-A18E-4434-B608-C93D54BBC2B3}.Release|Any CPU.Build.0 = Release|Any CPU
		{7A7A5E54-A18E-4434-B608-C93D54BBC2B3}.Release|x64.ActiveCfg = Release|Any CPU
		{7A7A5E54-A18E-4434-B608-C93D54BBC2B3}.Release|x64.Build.0 = Release|Any CPU
		{7A7A5E54-A18E-4434-B608-C93D54BBC2B3}.Release|x86.ActiveCfg = Release|Any CPU
		{7A7A5E54-A18E-4434-B608-C93D54BBC2B3}.Release|x86.Build.0 = Release|Any CPU
		{EDE0E6A2-1044-4E5F-A6A7-E332E31146BC}.Debug|Any CPU.ActiveCfg = Debug|Any CPU
		{EDE0E6A2-1044-4E5F-A6A7-E332E31146BC}.Debug|Any CPU.Build.0 = Debug|Any CPU
		{EDE0E6A2-1044-4E5F-A6A7-E332E31146BC}.Debug|x64.ActiveCfg = Debug|Any CPU
		{EDE0E6A2-1044-4E5F-A6A7-E332E31146BC}.Debug|x64.Build.0 = Debug|Any CPU
		{EDE0E6A2-1044-4E5F-A6A7-E332E31146BC}.Debug|x86.ActiveCfg = Debug|Any CPU
		{EDE0E6A2-1044-4E5F-A6A7-E332E31146BC}.Debug|x86.Build.0 = Debug|Any CPU
		{EDE0E6A2-1044-4E5F-A6A7-E332E31146BC}.Release|Any CPU.ActiveCfg = Release|Any CPU
		{EDE0E6A2-1044-4E5F-A6A7-E332E31146BC}.Release|Any CPU.Build.0 = Release|Any CPU
		{EDE0E6A2-1044-4E5F-A6A7-E332E31146BC}.Release|x64.ActiveCfg = Release|Any CPU
		{EDE0E6A2-1044-4E5F-A6A7-E332E31146BC}.Release|x64.Build.0 = Release|Any CPU
		{EDE0E6A2-1044-4E5F-A6A7-E332E31146BC}.Release|x86.ActiveCfg = Release|Any CPU
		{EDE0E6A2-1044-4E5F-A6A7-E332E31146BC}.Release|x86.Build.0 = Release|Any CPU
		{7EEF3ED6-8A27-440F-A1B4-46DAAA5CA9EC}.Debug|Any CPU.ActiveCfg = Debug|Any CPU
		{7EEF3ED6-8A27-440F-A1B4-46DAAA5CA9EC}.Debug|Any CPU.Build.0 = Debug|Any CPU
		{7EEF3ED6-8A27-440F-A1B4-46DAAA5CA9EC}.Debug|x64.ActiveCfg = Debug|Any CPU
		{7EEF3ED6-8A27-440F-A1B4-46DAAA5CA9EC}.Debug|x64.Build.0 = Debug|Any CPU
		{7EEF3ED6-8A27-440F-A1B4-46DAAA5CA9EC}.Debug|x86.ActiveCfg = Debug|Any CPU
		{7EEF3ED6-8A27-440F-A1B4-46DAAA5CA9EC}.Debug|x86.Build.0 = Debug|Any CPU
		{7EEF3ED6-8A27-440F-A1B4-46DAAA5CA9EC}.Release|Any CPU.ActiveCfg = Release|Any CPU
		{7EEF3ED6-8A27-440F-A1B4-46DAAA5CA9EC}.Release|Any CPU.Build.0 = Release|Any CPU
		{7EEF3ED6-8A27-440F-A1B4-46DAAA5CA9EC}.Release|x64.ActiveCfg = Release|Any CPU
		{7EEF3ED6-8A27-440F-A1B4-46DAAA5CA9EC}.Release|x64.Build.0 = Release|Any CPU
		{7EEF3ED6-8A27-440F-A1B4-46DAAA5CA9EC}.Release|x86.ActiveCfg = Release|Any CPU
		{7EEF3ED6-8A27-440F-A1B4-46DAAA5CA9EC}.Release|x86.Build.0 = Release|Any CPU
		{FB256571-6167-4E3C-B901-C0888053AF52}.Debug|Any CPU.ActiveCfg = Debug|Any CPU
		{FB256571-6167-4E3C-B901-C0888053AF52}.Debug|Any CPU.Build.0 = Debug|Any CPU
		{FB256571-6167-4E3C-B901-C0888053AF52}.Debug|x64.ActiveCfg = Debug|Any CPU
		{FB256571-6167-4E3C-B901-C0888053AF52}.Debug|x64.Build.0 = Debug|Any CPU
		{FB256571-6167-4E3C-B901-C0888053AF52}.Debug|x86.ActiveCfg = Debug|Any CPU
		{FB256571-6167-4E3C-B901-C0888053AF52}.Debug|x86.Build.0 = Debug|Any CPU
		{FB256571-6167-4E3C-B901-C0888053AF52}.Release|Any CPU.ActiveCfg = Release|Any CPU
		{FB256571-6167-4E3C-B901-C0888053AF52}.Release|Any CPU.Build.0 = Release|Any CPU
		{FB256571-6167-4E3C-B901-C0888053AF52}.Release|x64.ActiveCfg = Release|Any CPU
		{FB256571-6167-4E3C-B901-C0888053AF52}.Release|x64.Build.0 = Release|Any CPU
		{FB256571-6167-4E3C-B901-C0888053AF52}.Release|x86.ActiveCfg = Release|Any CPU
		{FB256571-6167-4E3C-B901-C0888053AF52}.Release|x86.Build.0 = Release|Any CPU
		{2671F335-8008-41E2-B3D5-738C013A53AD}.Debug|Any CPU.ActiveCfg = Debug|Any CPU
		{2671F335-8008-41E2-B3D5-738C013A53AD}.Debug|Any CPU.Build.0 = Debug|Any CPU
		{2671F335-8008-41E2-B3D5-738C013A53AD}.Debug|x64.ActiveCfg = Debug|Any CPU
		{2671F335-8008-41E2-B3D5-738C013A53AD}.Debug|x64.Build.0 = Debug|Any CPU
		{2671F335-8008-41E2-B3D5-738C013A53AD}.Debug|x86.ActiveCfg = Debug|Any CPU
		{2671F335-8008-41E2-B3D5-738C013A53AD}.Debug|x86.Build.0 = Debug|Any CPU
		{2671F335-8008-41E2-B3D5-738C013A53AD}.Release|Any CPU.ActiveCfg = Release|Any CPU
		{2671F335-8008-41E2-B3D5-738C013A53AD}.Release|Any CPU.Build.0 = Release|Any CPU
		{2671F335-8008-41E2-B3D5-738C013A53AD}.Release|x64.ActiveCfg = Release|Any CPU
		{2671F335-8008-41E2-B3D5-738C013A53AD}.Release|x64.Build.0 = Release|Any CPU
		{2671F335-8008-41E2-B3D5-738C013A53AD}.Release|x86.ActiveCfg = Release|Any CPU
		{2671F335-8008-41E2-B3D5-738C013A53AD}.Release|x86.Build.0 = Release|Any CPU
		{6A178E97-D95E-4819-81B4-128CF698DB6D}.Debug|Any CPU.ActiveCfg = Debug|Any CPU
		{6A178E97-D95E-4819-81B4-128CF698DB6D}.Debug|Any CPU.Build.0 = Debug|Any CPU
		{6A178E97-D95E-4819-81B4-128CF698DB6D}.Debug|x64.ActiveCfg = Debug|Any CPU
		{6A178E97-D95E-4819-81B4-128CF698DB6D}.Debug|x64.Build.0 = Debug|Any CPU
		{6A178E97-D95E-4819-81B4-128CF698DB6D}.Debug|x86.ActiveCfg = Debug|Any CPU
		{6A178E97-D95E-4819-81B4-128CF698DB6D}.Debug|x86.Build.0 = Debug|Any CPU
		{6A178E97-D95E-4819-81B4-128CF698DB6D}.Release|Any CPU.ActiveCfg = Release|Any CPU
		{6A178E97-D95E-4819-81B4-128CF698DB6D}.Release|Any CPU.Build.0 = Release|Any CPU
		{6A178E97-D95E-4819-81B4-128CF698DB6D}.Release|x64.ActiveCfg = Release|Any CPU
		{6A178E97-D95E-4819-81B4-128CF698DB6D}.Release|x64.Build.0 = Release|Any CPU
		{6A178E97-D95E-4819-81B4-128CF698DB6D}.Release|x86.ActiveCfg = Release|Any CPU
		{6A178E97-D95E-4819-81B4-128CF698DB6D}.Release|x86.Build.0 = Release|Any CPU
		{526E2E35-060D-486E-BD03-14F33C1828FC}.Debug|Any CPU.ActiveCfg = Debug|Any CPU
		{526E2E35-060D-486E-BD03-14F33C1828FC}.Debug|Any CPU.Build.0 = Debug|Any CPU
		{526E2E35-060D-486E-BD03-14F33C1828FC}.Debug|x64.ActiveCfg = Debug|Any CPU
		{526E2E35-060D-486E-BD03-14F33C1828FC}.Debug|x64.Build.0 = Debug|Any CPU
		{526E2E35-060D-486E-BD03-14F33C1828FC}.Debug|x86.ActiveCfg = Debug|Any CPU
		{526E2E35-060D-486E-BD03-14F33C1828FC}.Debug|x86.Build.0 = Debug|Any CPU
		{526E2E35-060D-486E-BD03-14F33C1828FC}.Release|Any CPU.ActiveCfg = Release|Any CPU
		{526E2E35-060D-486E-BD03-14F33C1828FC}.Release|Any CPU.Build.0 = Release|Any CPU
		{526E2E35-060D-486E-BD03-14F33C1828FC}.Release|x64.ActiveCfg = Release|Any CPU
		{526E2E35-060D-486E-BD03-14F33C1828FC}.Release|x64.Build.0 = Release|Any CPU
		{526E2E35-060D-486E-BD03-14F33C1828FC}.Release|x86.ActiveCfg = Release|Any CPU
		{526E2E35-060D-486E-BD03-14F33C1828FC}.Release|x86.Build.0 = Release|Any CPU
		{A1562EFF-0E7C-4BDB-A85A-F483B38E8FA0}.Debug|Any CPU.ActiveCfg = Debug|Any CPU
		{A1562EFF-0E7C-4BDB-A85A-F483B38E8FA0}.Debug|Any CPU.Build.0 = Debug|Any CPU
		{A1562EFF-0E7C-4BDB-A85A-F483B38E8FA0}.Debug|x64.ActiveCfg = Debug|Any CPU
		{A1562EFF-0E7C-4BDB-A85A-F483B38E8FA0}.Debug|x64.Build.0 = Debug|Any CPU
		{A1562EFF-0E7C-4BDB-A85A-F483B38E8FA0}.Debug|x86.ActiveCfg = Debug|Any CPU
		{A1562EFF-0E7C-4BDB-A85A-F483B38E8FA0}.Debug|x86.Build.0 = Debug|Any CPU
		{A1562EFF-0E7C-4BDB-A85A-F483B38E8FA0}.Release|Any CPU.ActiveCfg = Release|Any CPU
		{A1562EFF-0E7C-4BDB-A85A-F483B38E8FA0}.Release|Any CPU.Build.0 = Release|Any CPU
		{A1562EFF-0E7C-4BDB-A85A-F483B38E8FA0}.Release|x64.ActiveCfg = Release|Any CPU
		{A1562EFF-0E7C-4BDB-A85A-F483B38E8FA0}.Release|x64.Build.0 = Release|Any CPU
		{A1562EFF-0E7C-4BDB-A85A-F483B38E8FA0}.Release|x86.ActiveCfg = Release|Any CPU
		{A1562EFF-0E7C-4BDB-A85A-F483B38E8FA0}.Release|x86.Build.0 = Release|Any CPU
		{A42B67E6-F991-48F8-A6E9-2C6A7BED7836}.Debug|Any CPU.ActiveCfg = Debug|Any CPU
		{A42B67E6-F991-48F8-A6E9-2C6A7BED7836}.Debug|Any CPU.Build.0 = Debug|Any CPU
		{A42B67E6-F991-48F8-A6E9-2C6A7BED7836}.Debug|x64.ActiveCfg = Debug|Any CPU
		{A42B67E6-F991-48F8-A6E9-2C6A7BED7836}.Debug|x64.Build.0 = Debug|Any CPU
		{A42B67E6-F991-48F8-A6E9-2C6A7BED7836}.Debug|x86.ActiveCfg = Debug|Any CPU
		{A42B67E6-F991-48F8-A6E9-2C6A7BED7836}.Debug|x86.Build.0 = Debug|Any CPU
		{A42B67E6-F991-48F8-A6E9-2C6A7BED7836}.Release|Any CPU.ActiveCfg = Release|Any CPU
		{A42B67E6-F991-48F8-A6E9-2C6A7BED7836}.Release|Any CPU.Build.0 = Release|Any CPU
		{A42B67E6-F991-48F8-A6E9-2C6A7BED7836}.Release|x64.ActiveCfg = Release|Any CPU
		{A42B67E6-F991-48F8-A6E9-2C6A7BED7836}.Release|x64.Build.0 = Release|Any CPU
		{A42B67E6-F991-48F8-A6E9-2C6A7BED7836}.Release|x86.ActiveCfg = Release|Any CPU
		{A42B67E6-F991-48F8-A6E9-2C6A7BED7836}.Release|x86.Build.0 = Release|Any CPU
		{D8FC8807-3E4C-4BDD-BFF5-3F11C48B4A47}.Debug|Any CPU.ActiveCfg = Debug|Any CPU
		{D8FC8807-3E4C-4BDD-BFF5-3F11C48B4A47}.Debug|Any CPU.Build.0 = Debug|Any CPU
		{D8FC8807-3E4C-4BDD-BFF5-3F11C48B4A47}.Debug|x64.ActiveCfg = Debug|Any CPU
		{D8FC8807-3E4C-4BDD-BFF5-3F11C48B4A47}.Debug|x64.Build.0 = Debug|Any CPU
		{D8FC8807-3E4C-4BDD-BFF5-3F11C48B4A47}.Debug|x86.ActiveCfg = Debug|Any CPU
		{D8FC8807-3E4C-4BDD-BFF5-3F11C48B4A47}.Debug|x86.Build.0 = Debug|Any CPU
		{D8FC8807-3E4C-4BDD-BFF5-3F11C48B4A47}.Release|Any CPU.ActiveCfg = Release|Any CPU
		{D8FC8807-3E4C-4BDD-BFF5-3F11C48B4A47}.Release|Any CPU.Build.0 = Release|Any CPU
		{D8FC8807-3E4C-4BDD-BFF5-3F11C48B4A47}.Release|x64.ActiveCfg = Release|Any CPU
		{D8FC8807-3E4C-4BDD-BFF5-3F11C48B4A47}.Release|x64.Build.0 = Release|Any CPU
		{D8FC8807-3E4C-4BDD-BFF5-3F11C48B4A47}.Release|x86.ActiveCfg = Release|Any CPU
		{D8FC8807-3E4C-4BDD-BFF5-3F11C48B4A47}.Release|x86.Build.0 = Release|Any CPU
		{DE343265-3D82-4E69-95F4-D9DACA03A84D}.Debug|Any CPU.ActiveCfg = Debug|Any CPU
		{DE343265-3D82-4E69-95F4-D9DACA03A84D}.Debug|Any CPU.Build.0 = Debug|Any CPU
		{DE343265-3D82-4E69-95F4-D9DACA03A84D}.Debug|x64.ActiveCfg = Debug|Any CPU
		{DE343265-3D82-4E69-95F4-D9DACA03A84D}.Debug|x64.Build.0 = Debug|Any CPU
		{DE343265-3D82-4E69-95F4-D9DACA03A84D}.Debug|x86.ActiveCfg = Debug|Any CPU
		{DE343265-3D82-4E69-95F4-D9DACA03A84D}.Debug|x86.Build.0 = Debug|Any CPU
		{DE343265-3D82-4E69-95F4-D9DACA03A84D}.Release|Any CPU.ActiveCfg = Release|Any CPU
		{DE343265-3D82-4E69-95F4-D9DACA03A84D}.Release|Any CPU.Build.0 = Release|Any CPU
		{DE343265-3D82-4E69-95F4-D9DACA03A84D}.Release|x64.ActiveCfg = Release|Any CPU
		{DE343265-3D82-4E69-95F4-D9DACA03A84D}.Release|x64.Build.0 = Release|Any CPU
		{DE343265-3D82-4E69-95F4-D9DACA03A84D}.Release|x86.ActiveCfg = Release|Any CPU
		{DE343265-3D82-4E69-95F4-D9DACA03A84D}.Release|x86.Build.0 = Release|Any CPU
		{F4AD2304-B55D-4AE4-897B-6FDDCBC045C3}.Debug|Any CPU.ActiveCfg = Debug|Any CPU
		{F4AD2304-B55D-4AE4-897B-6FDDCBC045C3}.Debug|Any CPU.Build.0 = Debug|Any CPU
		{F4AD2304-B55D-4AE4-897B-6FDDCBC045C3}.Debug|x64.ActiveCfg = Debug|Any CPU
		{F4AD2304-B55D-4AE4-897B-6FDDCBC045C3}.Debug|x64.Build.0 = Debug|Any CPU
		{F4AD2304-B55D-4AE4-897B-6FDDCBC045C3}.Debug|x86.ActiveCfg = Debug|Any CPU
		{F4AD2304-B55D-4AE4-897B-6FDDCBC045C3}.Debug|x86.Build.0 = Debug|Any CPU
		{F4AD2304-B55D-4AE4-897B-6FDDCBC045C3}.Release|Any CPU.ActiveCfg = Release|Any CPU
		{F4AD2304-B55D-4AE4-897B-6FDDCBC045C3}.Release|Any CPU.Build.0 = Release|Any CPU
		{F4AD2304-B55D-4AE4-897B-6FDDCBC045C3}.Release|x64.ActiveCfg = Release|Any CPU
		{F4AD2304-B55D-4AE4-897B-6FDDCBC045C3}.Release|x64.Build.0 = Release|Any CPU
		{F4AD2304-B55D-4AE4-897B-6FDDCBC045C3}.Release|x86.ActiveCfg = Release|Any CPU
		{F4AD2304-B55D-4AE4-897B-6FDDCBC045C3}.Release|x86.Build.0 = Release|Any CPU
		{2E96BE87-1F5D-407A-B1C4-4C4A92D09D9A}.Debug|Any CPU.ActiveCfg = Debug|Any CPU
		{2E96BE87-1F5D-407A-B1C4-4C4A92D09D9A}.Debug|Any CPU.Build.0 = Debug|Any CPU
		{2E96BE87-1F5D-407A-B1C4-4C4A92D09D9A}.Debug|x64.ActiveCfg = Debug|Any CPU
		{2E96BE87-1F5D-407A-B1C4-4C4A92D09D9A}.Debug|x64.Build.0 = Debug|Any CPU
		{2E96BE87-1F5D-407A-B1C4-4C4A92D09D9A}.Debug|x86.ActiveCfg = Debug|Any CPU
		{2E96BE87-1F5D-407A-B1C4-4C4A92D09D9A}.Debug|x86.Build.0 = Debug|Any CPU
		{2E96BE87-1F5D-407A-B1C4-4C4A92D09D9A}.Release|Any CPU.ActiveCfg = Release|Any CPU
		{2E96BE87-1F5D-407A-B1C4-4C4A92D09D9A}.Release|Any CPU.Build.0 = Release|Any CPU
		{2E96BE87-1F5D-407A-B1C4-4C4A92D09D9A}.Release|x64.ActiveCfg = Release|Any CPU
		{2E96BE87-1F5D-407A-B1C4-4C4A92D09D9A}.Release|x64.Build.0 = Release|Any CPU
		{2E96BE87-1F5D-407A-B1C4-4C4A92D09D9A}.Release|x86.ActiveCfg = Release|Any CPU
		{2E96BE87-1F5D-407A-B1C4-4C4A92D09D9A}.Release|x86.Build.0 = Release|Any CPU
		{AF70AD74-5F23-4AE0-9EF7-930BB12922DF}.Debug|Any CPU.ActiveCfg = Debug|Any CPU
		{AF70AD74-5F23-4AE0-9EF7-930BB12922DF}.Debug|Any CPU.Build.0 = Debug|Any CPU
		{AF70AD74-5F23-4AE0-9EF7-930BB12922DF}.Debug|x64.ActiveCfg = Debug|Any CPU
		{AF70AD74-5F23-4AE0-9EF7-930BB12922DF}.Debug|x64.Build.0 = Debug|Any CPU
		{AF70AD74-5F23-4AE0-9EF7-930BB12922DF}.Debug|x86.ActiveCfg = Debug|Any CPU
		{AF70AD74-5F23-4AE0-9EF7-930BB12922DF}.Debug|x86.Build.0 = Debug|Any CPU
		{AF70AD74-5F23-4AE0-9EF7-930BB12922DF}.Release|Any CPU.ActiveCfg = Release|Any CPU
		{AF70AD74-5F23-4AE0-9EF7-930BB12922DF}.Release|Any CPU.Build.0 = Release|Any CPU
		{AF70AD74-5F23-4AE0-9EF7-930BB12922DF}.Release|x64.ActiveCfg = Release|Any CPU
		{AF70AD74-5F23-4AE0-9EF7-930BB12922DF}.Release|x64.Build.0 = Release|Any CPU
		{AF70AD74-5F23-4AE0-9EF7-930BB12922DF}.Release|x86.ActiveCfg = Release|Any CPU
		{AF70AD74-5F23-4AE0-9EF7-930BB12922DF}.Release|x86.Build.0 = Release|Any CPU
		{1B231E01-D5C4-4342-B10C-0480D4E8BCF5}.Debug|Any CPU.ActiveCfg = Debug|Any CPU
		{1B231E01-D5C4-4342-B10C-0480D4E8BCF5}.Debug|Any CPU.Build.0 = Debug|Any CPU
		{1B231E01-D5C4-4342-B10C-0480D4E8BCF5}.Debug|x64.ActiveCfg = Debug|Any CPU
		{1B231E01-D5C4-4342-B10C-0480D4E8BCF5}.Debug|x64.Build.0 = Debug|Any CPU
		{1B231E01-D5C4-4342-B10C-0480D4E8BCF5}.Debug|x86.ActiveCfg = Debug|Any CPU
		{1B231E01-D5C4-4342-B10C-0480D4E8BCF5}.Debug|x86.Build.0 = Debug|Any CPU
		{1B231E01-D5C4-4342-B10C-0480D4E8BCF5}.Release|Any CPU.ActiveCfg = Release|Any CPU
		{1B231E01-D5C4-4342-B10C-0480D4E8BCF5}.Release|Any CPU.Build.0 = Release|Any CPU
		{1B231E01-D5C4-4342-B10C-0480D4E8BCF5}.Release|x64.ActiveCfg = Release|Any CPU
		{1B231E01-D5C4-4342-B10C-0480D4E8BCF5}.Release|x64.Build.0 = Release|Any CPU
		{1B231E01-D5C4-4342-B10C-0480D4E8BCF5}.Release|x86.ActiveCfg = Release|Any CPU
		{1B231E01-D5C4-4342-B10C-0480D4E8BCF5}.Release|x86.Build.0 = Release|Any CPU
		{F6E02FC8-063D-4A0C-BBB6-EB6109022EDE}.Debug|Any CPU.ActiveCfg = Debug|Any CPU
		{F6E02FC8-063D-4A0C-BBB6-EB6109022EDE}.Debug|Any CPU.Build.0 = Debug|Any CPU
		{F6E02FC8-063D-4A0C-BBB6-EB6109022EDE}.Debug|x64.ActiveCfg = Debug|Any CPU
		{F6E02FC8-063D-4A0C-BBB6-EB6109022EDE}.Debug|x64.Build.0 = Debug|Any CPU
		{F6E02FC8-063D-4A0C-BBB6-EB6109022EDE}.Debug|x86.ActiveCfg = Debug|Any CPU
		{F6E02FC8-063D-4A0C-BBB6-EB6109022EDE}.Debug|x86.Build.0 = Debug|Any CPU
		{F6E02FC8-063D-4A0C-BBB6-EB6109022EDE}.Release|Any CPU.ActiveCfg = Release|Any CPU
		{F6E02FC8-063D-4A0C-BBB6-EB6109022EDE}.Release|Any CPU.Build.0 = Release|Any CPU
		{F6E02FC8-063D-4A0C-BBB6-EB6109022EDE}.Release|x64.ActiveCfg = Release|Any CPU
		{F6E02FC8-063D-4A0C-BBB6-EB6109022EDE}.Release|x64.Build.0 = Release|Any CPU
		{F6E02FC8-063D-4A0C-BBB6-EB6109022EDE}.Release|x86.ActiveCfg = Release|Any CPU
		{F6E02FC8-063D-4A0C-BBB6-EB6109022EDE}.Release|x86.Build.0 = Release|Any CPU
		{778F9E67-1E22-4049-9ACF-2B9D7FD8D473}.Debug|Any CPU.ActiveCfg = Debug|Any CPU
		{778F9E67-1E22-4049-9ACF-2B9D7FD8D473}.Debug|Any CPU.Build.0 = Debug|Any CPU
		{778F9E67-1E22-4049-9ACF-2B9D7FD8D473}.Debug|x64.ActiveCfg = Debug|Any CPU
		{778F9E67-1E22-4049-9ACF-2B9D7FD8D473}.Debug|x64.Build.0 = Debug|Any CPU
		{778F9E67-1E22-4049-9ACF-2B9D7FD8D473}.Debug|x86.ActiveCfg = Debug|Any CPU
		{778F9E67-1E22-4049-9ACF-2B9D7FD8D473}.Debug|x86.Build.0 = Debug|Any CPU
		{778F9E67-1E22-4049-9ACF-2B9D7FD8D473}.Release|Any CPU.ActiveCfg = Release|Any CPU
		{778F9E67-1E22-4049-9ACF-2B9D7FD8D473}.Release|Any CPU.Build.0 = Release|Any CPU
		{778F9E67-1E22-4049-9ACF-2B9D7FD8D473}.Release|x64.ActiveCfg = Release|Any CPU
		{778F9E67-1E22-4049-9ACF-2B9D7FD8D473}.Release|x64.Build.0 = Release|Any CPU
		{778F9E67-1E22-4049-9ACF-2B9D7FD8D473}.Release|x86.ActiveCfg = Release|Any CPU
		{778F9E67-1E22-4049-9ACF-2B9D7FD8D473}.Release|x86.Build.0 = Release|Any CPU
	EndGlobalSection
	GlobalSection(SolutionProperties) = preSolution
		HideSolutionNode = FALSE
	EndGlobalSection
	GlobalSection(NestedProjects) = preSolution
		{4EF03B21-32E3-4489-B796-5B80C6C0D69E} = {2AC901C3-25C2-B0A3-D43F-31239F1E8495}
		{98283BCA-1CC1-4899-9C61-2984E26DB751} = {0BE5ABD8-0A28-A533-2219-8124B561A0FF}
		{BEE9760F-BF2B-41D1-8D32-AD75140ED174} = {2AC901C3-25C2-B0A3-D43F-31239F1E8495}
		{4632C97F-2D99-4AF0-A18B-AF01B72986E2} = {77625725-25DA-50B9-5099-D2A1AFE53199}
		{7A7A5E54-A18E-4434-B608-C93D54BBC2B3} = {77625725-25DA-50B9-5099-D2A1AFE53199}
		{EDE0E6A2-1044-4E5F-A6A7-E332E31146BC} = {D0FB2FF0-36FB-C17D-0CF0-E0AAFD9E23BC}
		{FB256571-6167-4E3C-B901-C0888053AF52} = {BC467C26-6E0C-7ED3-8BDB-F926132A8B7D}
		{2671F335-8008-41E2-B3D5-738C013A53AD} = {BC467C26-6E0C-7ED3-8BDB-F926132A8B7D}
		{6A178E97-D95E-4819-81B4-128CF698DB6D} = {9E4CE818-6D0C-122E-643F-23E96A47E28A}
		{526E2E35-060D-486E-BD03-14F33C1828FC} = {19865509-9652-9E42-5E8A-9A3CB45FEBBC}
		{A1562EFF-0E7C-4BDB-A85A-F483B38E8FA0} = {19865509-9652-9E42-5E8A-9A3CB45FEBBC}
		{A42B67E6-F991-48F8-A6E9-2C6A7BED7836} = {45F31E62-FB5C-3E4E-516F-4D21ACAD668B}
		{F4AD2304-B55D-4AE4-897B-6FDDCBC045C3} = {7A1722C4-E2A8-2D28-E889-7C715105E155}
		{2E96BE87-1F5D-407A-B1C4-4C4A92D09D9A} = {7A1722C4-E2A8-2D28-E889-7C715105E155}
		{AF70AD74-5F23-4AE0-9EF7-930BB12922DF} = {083E635B-BBB0-5AF1-F7CC-AE1FCEA236CA}
		{1B231E01-D5C4-4342-B10C-0480D4E8BCF5} = {FF133736-2A99-3B08-91DA-47EBEB59E723}
		{F6E02FC8-063D-4A0C-BBB6-EB6109022EDE} = {53001E5E-A5A2-AC91-5F8B-7F37EF740D65}
		{778F9E67-1E22-4049-9ACF-2B9D7FD8D473} = {8C519C1A-9FC2-7DE6-706F-36A00822F519}
	EndGlobalSection
	GlobalSection(ExtensibilityGlobals) = postSolution
		SolutionGuid = {EC6B251C-7155-4387-98B1-7618B4EC1374}
	EndGlobalSection
EndGlobal
